
Microsoft Visual Studio Solution File, Format Version 12.00
# Visual Studio Version 16
VisualStudioVersion = 16.0.29926.136
MinimumVisualStudioVersion = 10.0.40219.1
Project("{F184B08F-C81C-45F6-A57F-5ABD9991F28F}") = "EjercicioEmpresa", "EjercicioEmpresa\EjercicioEmpresa.vbproj", "{3A229C25-987A-4B86-99B0-D117ED36609B}"
EndProject
Global
	GlobalSection(SolutionConfigurationPlatforms) = preSolution
		Debug|Any CPU = Debug|Any CPU
		Release|Any CPU = Release|Any CPU
	EndGlobalSection
	GlobalSection(ProjectConfigurationPlatforms) = postSolution
		{3A229C25-987A-4B86-99B0-D117ED36609B}.Debug|Any CPU.ActiveCfg = Debug|Any CPU
		{3A229C25-987A-4B86-99B0-D117ED36609B}.Debug|Any CPU.Build.0 = Debug|Any CPU
		{3A229C25-987A-4B86-99B0-D117ED36609B}.Release|Any CPU.ActiveCfg = Release|Any CPU
		{3A229C25-987A-4B86-99B0-D117ED36609B}.Release|Any CPU.Build.0 = Release|Any CPU
	EndGlobalSection
	GlobalSection(SolutionProperties) = preSolution
		HideSolutionNode = FALSE
	EndGlobalSection
	GlobalSection(ExtensibilityGlobals) = postSolution
		SolutionGuid = {D9FAA257-4CCE-49B4-998D-5BB848C74CCA}
	EndGlobalSection
EndGlobal
